<Solution>
  <Project Path="../FCG.Orchestration/FCG.Contracts/FCG.Contracts.csproj" />
  <Project Path="../FCG.Orchestration/FCG.Domain/FCG.Domain.csproj" />
  <Project Path="../FCG.Orchestration/FCG.Infrastructure/FCG.Infrastructure.csproj" />
  <Project Path="CatalogAPI/CatalogAPI.csproj" />
  <Project Path="FCG.Application/FCG.Application.csproj" Id="f0dcb78e-f23a-42c1-a84c-2db83868d6c8" />
</Solution>
